
Microsoft Visual Studio Solution File, Format Version 12.00
# Visual Studio Version 17
VisualStudioVersion = 17.5.2.0
MinimumVisualStudioVersion = 10.0.40219.1
Project("{FAE04EC0-301F-11D3-BF4B-00C04F79EFBC}") = "KBOLauncher", "KBOLauncher.csproj", "{AD6696B2-72F7-F6E5-20E2-C0C95B7F59F0}"
EndProject
Project("{FAE04EC0-301F-11D3-BF4B-00C04F79EFBC}") = "KBOLauncher.Tests", "KBOLauncher.Tests\KBOLauncher.Tests.csproj", "{15DA3E75-28E2-4188-A5BF-99FDC7B165DD}"
EndProject
Global
	GlobalSection(SolutionConfigurationPlatforms) = preSolution
		Debug|Any CPU = Debug|Any CPU
		Release|Any CPU = Release|Any CPU
	EndGlobalSection
	GlobalSection(ProjectConfigurationPlatforms) = postSolution
		{AD6696B2-72F7-F6E5-20E2-C0C95B7F59F0}.Debug|Any CPU.ActiveCfg = Debug|Any CPU
		{AD6696B2-72F7-F6E5-20E2-C0C95B7F59F0}.Debug|Any CPU.Build.0 = Debug|Any CPU
		{AD6696B2-72F7-F6E5-20E2-C0C95B7F59F0}.Release|Any CPU.ActiveCfg = Release|Any CPU
		{AD6696B2-72F7-F6E5-20E2-C0C95B7F59F0}.Release|Any CPU.Build.0 = Release|Any CPU
		{15DA3E75-28E2-4188-A5BF-99FDC7B165DD}.Debug|Any CPU.ActiveCfg = Debug|Any CPU
		{15DA3E75-28E2-4188-A5BF-99FDC7B165DD}.Debug|Any CPU.Build.0 = Debug|Any CPU
		{15DA3E75-28E2-4188-A5BF-99FDC7B165DD}.Release|Any CPU.ActiveCfg = Release|Any CPU
		{15DA3E75-28E2-4188-A5BF-99FDC7B165DD}.Release|Any CPU.Build.0 = Release|Any CPU
	EndGlobalSection
	GlobalSection(SolutionProperties) = preSolution
		HideSolutionNode = FALSE
	EndGlobalSection
	GlobalSection(ExtensibilityGlobals) = postSolution
		SolutionGuid = {E0B7C155-F8A8-428E-AAB3-D8DC93891ABC}
	EndGlobalSection
EndGlobal
